
Microsoft Visual Studio Solution File, Format Version 12.00
# Visual Studio Version 17
VisualStudioVersion = 17.14.36203.30
MinimumVisualStudioVersion = 10.0.40219.1
Project("{FAE04EC0-301F-11D3-BF4B-00C04F79EFBC}") = "InterfejsPrototyp", "InterfejsPrototyp\InterfejsPrototyp.csproj", "{057E39F5-7369-4BEC-BDBA-F98CBD833542}"
EndProject
Global
	GlobalSection(SolutionConfigurationPlatforms) = preSolution
		Debug|Any CPU = Debug|Any CPU
		Release|Any CPU = Release|Any CPU
	EndGlobalSection
	GlobalSection(ProjectConfigurationPlatforms) = postSolution
		{057E39F5-7369-4BEC-BDBA-F98CBD833542}.Debug|Any CPU.ActiveCfg = Debug|Any CPU
		{057E39F5-7369-4BEC-BDBA-F98CBD833542}.Debug|Any CPU.Build.0 = Debug|Any CPU
		{057E39F5-7369-4BEC-BDBA-F98CBD833542}.Release|Any CPU.ActiveCfg = Release|Any CPU
		{057E39F5-7369-4BEC-BDBA-F98CBD833542}.Release|Any CPU.Build.0 = Release|Any CPU
	EndGlobalSection
	GlobalSection(SolutionProperties) = preSolution
		HideSolutionNode = FALSE
	EndGlobalSection
	GlobalSection(ExtensibilityGlobals) = postSolution
		SolutionGuid = {E00D8803-3AFC-4502-BF06-04C23B1F1C04}
	EndGlobalSection
EndGlobal
